
Microsoft Visual Studio Solution File, Format Version 12.00
# Visual Studio Version 17
VisualStudioVersion = 17.14.36203.30 d17.14
MinimumVisualStudioVersion = 10.0.40219.1
Project("{FAE04EC0-301F-11D3-BF4B-00C04F79EFBC}") = "MediCare", "MediCare.csproj", "{D802AEE8-D21C-4A54-874B-DCC8F8F1E3B1}"
EndProject
Project("{FAE04EC0-301F-11D3-BF4B-00C04F79EFBC}") = "MediCare.Tests", "..\MediCare.Tests\MediCare.Tests.csproj", "{BEBD2C50-8BAA-49F6-BE17-7996FAFB96C9}"
EndProject
Global
	GlobalSection(SolutionConfigurationPlatforms) = preSolution
		Debug|Any CPU = Debug|Any CPU
		Release|Any CPU = Release|Any CPU
	EndGlobalSection
	GlobalSection(ProjectConfigurationPlatforms) = postSolution
		{D802AEE8-D21C-4A54-874B-DCC8F8F1E3B1}.Debug|Any CPU.ActiveCfg = Debug|Any CPU
		{D802AEE8-D21C-4A54-874B-DCC8F8F1E3B1}.Debug|Any CPU.Build.0 = Debug|Any CPU
		{D802AEE8-D21C-4A54-874B-DCC8F8F1E3B1}.Release|Any CPU.ActiveCfg = Release|Any CPU
		{D802AEE8-D21C-4A54-874B-DCC8F8F1E3B1}.Release|Any CPU.Build.0 = Release|Any CPU
		{BEBD2C50-8BAA-49F6-BE17-7996FAFB96C9}.Debug|Any CPU.ActiveCfg = Debug|Any CPU
		{BEBD2C50-8BAA-49F6-BE17-7996FAFB96C9}.Debug|Any CPU.Build.0 = Debug|Any CPU
		{BEBD2C50-8BAA-49F6-BE17-7996FAFB96C9}.Release|Any CPU.ActiveCfg = Release|Any CPU
		{BEBD2C50-8BAA-49F6-BE17-7996FAFB96C9}.Release|Any CPU.Build.0 = Release|Any CPU
	EndGlobalSection
	GlobalSection(SolutionProperties) = preSolution
		HideSolutionNode = FALSE
	EndGlobalSection
	GlobalSection(ExtensibilityGlobals) = postSolution
		SolutionGuid = {CC6E4CDB-87BB-4325-8C8C-D38A258B12C7}
	EndGlobalSection
EndGlobal
