
Microsoft Visual Studio Solution File, Format Version 12.00
# Visual Studio Version 17
VisualStudioVersion = 17.14.36203.30 d17.14
MinimumVisualStudioVersion = 10.0.40219.1
Project("{FAE04EC0-301F-11D3-BF4B-00C04F79EFBC}") = "CMA", "CMA.csproj", "{1D79C49C-B1A3-40C9-A21E-E661A9A78508}"
EndProject
Global
	GlobalSection(SolutionConfigurationPlatforms) = preSolution
		Debug|Any CPU = Debug|Any CPU
		Release|Any CPU = Release|Any CPU
	EndGlobalSection
	GlobalSection(ProjectConfigurationPlatforms) = postSolution
		{1D79C49C-B1A3-40C9-A21E-E661A9A78508}.Debug|Any CPU.ActiveCfg = Debug|Any CPU
		{1D79C49C-B1A3-40C9-A21E-E661A9A78508}.Debug|Any CPU.Build.0 = Debug|Any CPU
		{1D79C49C-B1A3-40C9-A21E-E661A9A78508}.Release|Any CPU.ActiveCfg = Release|Any CPU
		{1D79C49C-B1A3-40C9-A21E-E661A9A78508}.Release|Any CPU.Build.0 = Release|Any CPU
	EndGlobalSection
	GlobalSection(SolutionProperties) = preSolution
		HideSolutionNode = FALSE
	EndGlobalSection
	GlobalSection(ExtensibilityGlobals) = postSolution
		SolutionGuid = {103EC49E-238C-4712-9432-FA41FCB972E1}
	EndGlobalSection
EndGlobal
