
Microsoft Visual Studio Solution File, Format Version 12.00
# Visual Studio Version 17
VisualStudioVersion = 17.14.36203.30 d17.14
MinimumVisualStudioVersion = 10.0.40219.1
Project("{FAE04EC0-301F-11D3-BF4B-00C04F79EFBC}") = "CMC", "CMC.csproj", "{661854A9-3AD1-46F1-9D8B-95B446AE9F04}"
EndProject
Global
	GlobalSection(SolutionConfigurationPlatforms) = preSolution
		Debug|Any CPU = Debug|Any CPU
		Release|Any CPU = Release|Any CPU
	EndGlobalSection
	GlobalSection(ProjectConfigurationPlatforms) = postSolution
		{661854A9-3AD1-46F1-9D8B-95B446AE9F04}.Debug|Any CPU.ActiveCfg = Debug|Any CPU
		{661854A9-3AD1-46F1-9D8B-95B446AE9F04}.Debug|Any CPU.Build.0 = Debug|Any CPU
		{661854A9-3AD1-46F1-9D8B-95B446AE9F04}.Release|Any CPU.ActiveCfg = Release|Any CPU
		{661854A9-3AD1-46F1-9D8B-95B446AE9F04}.Release|Any CPU.Build.0 = Release|Any CPU
	EndGlobalSection
	GlobalSection(SolutionProperties) = preSolution
		HideSolutionNode = FALSE
	EndGlobalSection
	GlobalSection(ExtensibilityGlobals) = postSolution
		SolutionGuid = {9E052F12-ED97-4123-B4C0-90D1A535CE1B}
	EndGlobalSection
EndGlobal
